%{"calecto": {:hex, :calecto, "0.4.3", "ca86e8431a53e037e0b23db5779db8a425acf180b6f24bb818995d17d034258c", [:mix], [{:calendar, "~> 0.12.0 or ~> 0.11.1 or ~> 0.10.1", [hex: :calendar, optional: false]}, {:ecto, "~> 0.15 or ~> 1.0", [hex: :ecto, optional: false]}]},
  "calendar": {:hex, :calendar, "0.12.0", "9e4932dbe890f440edc67635bf5e5390cccfbb4a4ded860e83650a2888f28bb5", [:mix], [{:tzdata, "~> 0.5.4 or ~> 0.1.8", [hex: :tzdata, optional: false]}]},
  "certifi": {:hex, :certifi, "0.3.0", "389d4b126a47895fe96d65fcf8681f4d09eca1153dc2243ed6babad0aac1e763", [:rebar3], []},
  "connection": {:hex, :connection, "1.0.2", "f4a06dd3ecae4141aa66f94ce92ea4c4b8753069472814932f1cadbc3078ab80", [:mix], []},
  "cowboy": {:hex, :cowboy, "1.0.4", "a324a8df9f2316c833a470d918aaf73ae894278b8aa6226ce7a9bf699388f878", [:make, :rebar], [{:cowlib, "~> 1.0.0", [hex: :cowlib, optional: false]}, {:ranch, "~> 1.0", [hex: :ranch, optional: false]}]},
  "cowlib": {:hex, :cowlib, "1.0.2", "9d769a1d062c9c3ac753096f868ca121e2730b9a377de23dec0f7e08b1df84ee", [:make], []},
  "decimal": {:hex, :decimal, "1.1.0", "3333732f17a90ff3057d7ab8c65f0930ca2d67e15cca812a91ead5633ed472fe", [:mix], []},
  "ecto": {:hex, :ecto, "1.1.0", "49220be4b47422cb8f1363cfdbb8eff1d8bb545da33dc23b35275505c1652e97", [:mix], [{:decimal, "~> 1.0", [hex: :decimal, optional: false]}, {:mariaex, "~> 0.5", [hex: :mariaex, optional: true]}, {:poison, "~> 1.0", [hex: :poison, optional: true]}, {:poolboy, "~> 1.4", [hex: :poolboy, optional: false]}, {:postgrex, "~> 0.10", [hex: :postgrex, optional: true]}, {:sbroker, "~> 0.7", [hex: :sbroker, optional: true]}]},
  "fs": {:hex, :fs, "0.9.2", "ed17036c26c3f70ac49781ed9220a50c36775c6ca2cf8182d123b6566e49ec59", [:rebar], []},
  "gettext": {:hex, :gettext, "0.9.0", "b732430dce0cbb3e370d89cdf6a7dbe48647a708f92754262601b62a0eb47e6f", [:mix], []},
  "hackney": {:hex, :hackney, "1.4.7", "fcca8e6ba215de6225cc9b56230a3ef441ddaee05d963a39b56ca7b064026342", [:rebar3], [{:certifi, "0.3.0", [hex: :certifi, optional: false]}, {:idna, "1.0.2", [hex: :idna, optional: false]}, {:mimerl, "1.0.2", [hex: :mimerl, optional: false]}, {:ssl_verify_hostname, "1.0.5", [hex: :ssl_verify_hostname, optional: false]}]},
  "honeybadger": {:hex, :honeybadger, "0.5.0", "fa181715993ebaa4af583c5b7a4a433fdc1224e044bc70a266c1b5de63cb20a6", [:mix], [{:httpoison, "~> 0.7", [hex: :httpoison, optional: false]}, {:plug, ">= 0.13.0 and < 2.0.0", [hex: :plug, optional: false]}, {:poison, ">= 1.4.0 and < 3.0.0", [hex: :poison, optional: false]}]},
  "httpoison": {:hex, :httpoison, "0.8.1", "5b706be2b0af81d1a3870479a2e1b925517c2a64316f70c6cc8aceac9e55f695", [:mix], [{:hackney, "~> 1.4.4", [hex: :hackney, optional: false]}]},
  "idna": {:hex, :idna, "1.0.2", "397e3d001c002319da75759b0a81156bf11849c71d565162436d50020cb7265e", [:make], []},
  "mimerl": {:hex, :mimerl, "1.0.2", "993f9b0e084083405ed8252b99460c4f0563e41729ab42d9074fd5e52439be88", [:rebar3], []},
  "phoenix": {:hex, :phoenix, "1.1.0", "3a3ea856563545cf364d5ee85e41fbb6124540d875e65587a245ffedb58a7f68", [:mix], [{:cowboy, "~> 1.0", [hex: :cowboy, optional: true]}, {:plug, "~> 1.0", [hex: :plug, optional: false]}, {:poison, "~> 1.3", [hex: :poison, optional: false]}]},
  "phoenix_ecto": {:hex, :phoenix_ecto, "2.0.0", "1edf59dda1c4d8233f581f86a6778814f0f1bc98fdc484f4a9fd145cc060aa0c", [:mix], [{:ecto, "~> 1.1", [hex: :ecto, optional: false]}, {:phoenix_html, "~> 2.2", [hex: :phoenix_html, optional: true]}, {:poison, "~> 1.3", [hex: :poison, optional: true]}]},
  "phoenix_html": {:hex, :phoenix_html, "2.3.0", "28264d1722a22426200224e500b2eac1f38f628e6ec30b20f332c3713edf2f82", [:mix], [{:plug, "~> 0.13 or ~> 1.0", [hex: :plug, optional: false]}]},
  "phoenix_live_reload": {:hex, :phoenix_live_reload, "1.0.1", "5ee31224971f360de89d886c6b0c826092939988d99cb66142cb6758473b567c", [:mix], [{:fs, "~> 0.9.1", [hex: :fs, optional: false]}, {:phoenix, "~> 0.16 or ~> 1.0", [hex: :phoenix, optional: false]}]},
  "plug": {:hex, :plug, "1.0.3", "8bbcbdaa4cb15170b9a15cb12153e8a6d9e176ce78e4c1990ea0b505b0ca24a0", [:mix], [{:cowboy, "~> 1.0", [hex: :cowboy, optional: true]}]},
  "poison": {:hex, :poison, "1.5.0", "f2f4f460623a6f154683abae34352525e1d918380267cdbd949a07ba57503248", [:mix], []},
  "poolboy": {:hex, :poolboy, "1.5.1", "6b46163901cfd0a1b43d692657ed9d7e599853b3b21b95ae5ae0a777cf9b6ca8", [:rebar], []},
  "postgrex": {:hex, :postgrex, "0.10.0", "98cf581bbb921d696db261d1a9e1740252714dbea1f9224d3291d58f2d88ea82", [:mix], [{:connection, "~> 1.0", [hex: :connection, optional: false]}, {:decimal, "~> 1.0", [hex: :decimal, optional: false]}]},
  "ranch": {:hex, :ranch, "1.2.0", "b286a948a0706a700a9f577e5cecbb2dc66097ea79f3ddb20ba5536069bdb7aa", [:make], []},
  "rollbax": {:hex, :rollbax, "0.7.0", "b1c194f4ce10b507898ece4d995d0aaab4da247e7fce0b1e9e76384b134ed41e", [:mix], [{:hackney, "~> 1.1", [hex: :hackney, optional: false]}, {:poison, "~> 1.4 or ~> 2.0", [hex: :poison, optional: false]}]},
  "ssl_verify_hostname": {:hex, :ssl_verify_hostname, "1.0.5", "2e73e068cd6393526f9fa6d399353d7c9477d6886ba005f323b592d389fb47be", [:make], []},
  "tzdata": {:hex, :tzdata, "0.5.5", "9eec29ad4727c08e2a857311a3d24bf3afb12da4647ed0399ba665e358c60751", [:mix], [{:hackney, "~> 1.0", [hex: :hackney, optional: false]}]}}
